
Microsoft Visual Studio Solution File, Format Version 12.00
# Visual Studio Version 16
VisualStudioVersion = 16.0.31729.503
MinimumVisualStudioVersion = 10.0.40219.1
Project("{FAE04EC0-301F-11D3-BF4B-00C04F79EFBC}") = "CapaPresentacion", "CapaPresentacion\CapaPresentacion.csproj", "{4F960133-0677-41B8-B8B7-D19A7FE04F73}"
EndProject
Project("{FAE04EC0-301F-11D3-BF4B-00C04F79EFBC}") = "CapaDatos", "CapaDatos\CapaDatos.csproj", "{CFA914C6-3162-4CD0-B2DE-E2CFB0F652A2}"
EndProject
Project("{FAE04EC0-301F-11D3-BF4B-00C04F79EFBC}") = "CapaEntidades", "CapaEntidades\CapaEntidades.csproj", "{F6074A8D-5553-4C39-AA62-E750EA248B18}"
EndProject
Project("{FAE04EC0-301F-11D3-BF4B-00C04F79EFBC}") = "CapaNegocios", "CapaNegocio\CapaNegocios.csproj", "{B23C513A-5FDF-4DC1-A712-8E875AA56A85}"
EndProject
Global
	GlobalSection(SolutionConfigurationPlatforms) = preSolution
		Debug|Any CPU = Debug|Any CPU
		Release|Any CPU = Release|Any CPU
	EndGlobalSection
	GlobalSection(ProjectConfigurationPlatforms) = postSolution
		{4F960133-0677-41B8-B8B7-D19A7FE04F73}.Debug|Any CPU.ActiveCfg = Debug|Any CPU
		{4F960133-0677-41B8-B8B7-D19A7FE04F73}.Debug|Any CPU.Build.0 = Debug|Any CPU
		{4F960133-0677-41B8-B8B7-D19A7FE04F73}.Release|Any CPU.ActiveCfg = Release|Any CPU
		{4F960133-0677-41B8-B8B7-D19A7FE04F73}.Release|Any CPU.Build.0 = Release|Any CPU
		{CFA914C6-3162-4CD0-B2DE-E2CFB0F652A2}.Debug|Any CPU.ActiveCfg = Debug|Any CPU
		{CFA914C6-3162-4CD0-B2DE-E2CFB0F652A2}.Debug|Any CPU.Build.0 = Debug|Any CPU
		{CFA914C6-3162-4CD0-B2DE-E2CFB0F652A2}.Release|Any CPU.ActiveCfg = Release|Any CPU
		{CFA914C6-3162-4CD0-B2DE-E2CFB0F652A2}.Release|Any CPU.Build.0 = Release|Any CPU
		{F6074A8D-5553-4C39-AA62-E750EA248B18}.Debug|Any CPU.ActiveCfg = Debug|Any CPU
		{F6074A8D-5553-4C39-AA62-E750EA248B18}.Debug|Any CPU.Build.0 = Debug|Any CPU
		{F6074A8D-5553-4C39-AA62-E750EA248B18}.Release|Any CPU.ActiveCfg = Release|Any CPU
		{F6074A8D-5553-4C39-AA62-E750EA248B18}.Release|Any CPU.Build.0 = Release|Any CPU
		{B23C513A-5FDF-4DC1-A712-8E875AA56A85}.Debug|Any CPU.ActiveCfg = Debug|Any CPU
		{B23C513A-5FDF-4DC1-A712-8E875AA56A85}.Debug|Any CPU.Build.0 = Debug|Any CPU
		{B23C513A-5FDF-4DC1-A712-8E875AA56A85}.Release|Any CPU.ActiveCfg = Release|Any CPU
		{B23C513A-5FDF-4DC1-A712-8E875AA56A85}.Release|Any CPU.Build.0 = Release|Any CPU
	EndGlobalSection
	GlobalSection(SolutionProperties) = preSolution
		HideSolutionNode = FALSE
	EndGlobalSection
	GlobalSection(ExtensibilityGlobals) = postSolution
		SolutionGuid = {3A369FC9-A83B-49C1-BEB3-8905F09B17A6}
	EndGlobalSection
EndGlobal
